
Microsoft Visual Studio Solution File, Format Version 12.00
# Visual Studio Version 16
VisualStudioVersion = 16.0.32106.194
MinimumVisualStudioVersion = 10.0.40219.1
Project("{9A19103F-16F7-4668-BE54-9A1E7A4F7556}") = "Ensek.Domain", "Ensek.Domain\Ensek.Domain.csproj", "{A8ABBA39-78A6-4C2A-874A-CF5DFB315ADD}"
EndProject
Project("{9A19103F-16F7-4668-BE54-9A1E7A4F7556}") = "Ensek.UnitTesting", "Ensek.UnitTesting\Ensek.UnitTesting.csproj", "{CDC3D671-BE0F-435F-B5EC-C1E01F994A2D}"
EndProject
Project("{9A19103F-16F7-4668-BE54-9A1E7A4F7556}") = "Ensek.Data", "Ensek.Data\Ensek.Data.csproj", "{6A832D8C-FEC7-4E6E-A609-889475BB6AC0}"
EndProject
Project("{9A19103F-16F7-4668-BE54-9A1E7A4F7556}") = "Ensek.Web", "Ensek.Web\Ensek.Web.csproj", "{C5035A6B-9EC6-46EC-AA85-8261A797A61F}"
EndProject
Global
	GlobalSection(SolutionConfigurationPlatforms) = preSolution
		Debug|Any CPU = Debug|Any CPU
		Release|Any CPU = Release|Any CPU
	EndGlobalSection
	GlobalSection(ProjectConfigurationPlatforms) = postSolution
		{A8ABBA39-78A6-4C2A-874A-CF5DFB315ADD}.Debug|Any CPU.ActiveCfg = Debug|Any CPU
		{A8ABBA39-78A6-4C2A-874A-CF5DFB315ADD}.Debug|Any CPU.Build.0 = Debug|Any CPU
		{A8ABBA39-78A6-4C2A-874A-CF5DFB315ADD}.Release|Any CPU.ActiveCfg = Release|Any CPU
		{A8ABBA39-78A6-4C2A-874A-CF5DFB315ADD}.Release|Any CPU.Build.0 = Release|Any CPU
		{CDC3D671-BE0F-435F-B5EC-C1E01F994A2D}.Debug|Any CPU.ActiveCfg = Debug|Any CPU
		{CDC3D671-BE0F-435F-B5EC-C1E01F994A2D}.Debug|Any CPU.Build.0 = Debug|Any CPU
		{CDC3D671-BE0F-435F-B5EC-C1E01F994A2D}.Release|Any CPU.ActiveCfg = Release|Any CPU
		{CDC3D671-BE0F-435F-B5EC-C1E01F994A2D}.Release|Any CPU.Build.0 = Release|Any CPU
		{6A832D8C-FEC7-4E6E-A609-889475BB6AC0}.Debug|Any CPU.ActiveCfg = Debug|Any CPU
		{6A832D8C-FEC7-4E6E-A609-889475BB6AC0}.Debug|Any CPU.Build.0 = Debug|Any CPU
		{6A832D8C-FEC7-4E6E-A609-889475BB6AC0}.Release|Any CPU.ActiveCfg = Release|Any CPU
		{6A832D8C-FEC7-4E6E-A609-889475BB6AC0}.Release|Any CPU.Build.0 = Release|Any CPU
		{C5035A6B-9EC6-46EC-AA85-8261A797A61F}.Debug|Any CPU.ActiveCfg = Debug|Any CPU
		{C5035A6B-9EC6-46EC-AA85-8261A797A61F}.Debug|Any CPU.Build.0 = Debug|Any CPU
		{C5035A6B-9EC6-46EC-AA85-8261A797A61F}.Release|Any CPU.ActiveCfg = Release|Any CPU
		{C5035A6B-9EC6-46EC-AA85-8261A797A61F}.Release|Any CPU.Build.0 = Release|Any CPU
	EndGlobalSection
	GlobalSection(SolutionProperties) = preSolution
		HideSolutionNode = FALSE
	EndGlobalSection
	GlobalSection(ExtensibilityGlobals) = postSolution
		SolutionGuid = {D7E603F1-4DC9-4E6C-B342-1CE8E130D1D9}
	EndGlobalSection
EndGlobal
